
Microsoft Visual Studio Solution File, Format Version 12.00
# Visual Studio Version 17
VisualStudioVersion = 17.9.34714.143
MinimumVisualStudioVersion = 10.0.40219.1
Project("{FAE04EC0-301F-11D3-BF4B-00C04F79EFBC}") = "AkarSoftware.HospitalApp.Core", "AkarSoftware.HospitalApp.Core\AkarSoftware.HospitalApp.Core.csproj", "{CAE79F0D-03FD-4892-96F6-825F2F16BF1B}"
EndProject
Project("{FAE04EC0-301F-11D3-BF4B-00C04F79EFBC}") = "AkarSoftware.HospitalApp.Entities", "AkarSoftware.HospitalApp.Entities\AkarSoftware.HospitalApp.Entities.csproj", "{1688F0E3-C160-47D5-89F2-6F7291A80FC3}"
EndProject
Project("{FAE04EC0-301F-11D3-BF4B-00C04F79EFBC}") = "AkarSoftware.HospitalApp.Dtos", "AkarSoftware.HospitalApp.Dtos\AkarSoftware.HospitalApp.Dtos.csproj", "{61FB0823-A7AA-45AA-9921-CD1376E625CD}"
EndProject
Project("{FAE04EC0-301F-11D3-BF4B-00C04F79EFBC}") = "AkarSoftware.HospitalApp.Repositories", "AkarSoftware.HospitalApp.Repositories\AkarSoftware.HospitalApp.Repositories.csproj", "{34F20AFC-6825-4DE2-8016-AE78C9F3A06B}"
EndProject
Project("{FAE04EC0-301F-11D3-BF4B-00C04F79EFBC}") = "AkarSoftware.HospitalApp.Managers", "AkarSoftware.HospitalApp.Managers\AkarSoftware.HospitalApp.Managers.csproj", "{7861EF09-887D-4521-9A0A-03B64C0D4547}"
EndProject
Project("{FAE04EC0-301F-11D3-BF4B-00C04F79EFBC}") = "AkarSoftware.HospitalApp.MVCUI", "AkarSoftware.HospitalApp.MVCUI\AkarSoftware.HospitalApp.MVCUI.csproj", "{C2A86FFF-3A6C-4AB1-9E8B-91DB171BB606}"
EndProject
Global
	GlobalSection(SolutionConfigurationPlatforms) = preSolution
		Debug|Any CPU = Debug|Any CPU
		Release|Any CPU = Release|Any CPU
	EndGlobalSection
	GlobalSection(ProjectConfigurationPlatforms) = postSolution
		{CAE79F0D-03FD-4892-96F6-825F2F16BF1B}.Debug|Any CPU.ActiveCfg = Debug|Any CPU
		{CAE79F0D-03FD-4892-96F6-825F2F16BF1B}.Debug|Any CPU.Build.0 = Debug|Any CPU
		{CAE79F0D-03FD-4892-96F6-825F2F16BF1B}.Release|Any CPU.ActiveCfg = Release|Any CPU
		{CAE79F0D-03FD-4892-96F6-825F2F16BF1B}.Release|Any CPU.Build.0 = Release|Any CPU
		{1688F0E3-C160-47D5-89F2-6F7291A80FC3}.Debug|Any CPU.ActiveCfg = Debug|Any CPU
		{1688F0E3-C160-47D5-89F2-6F7291A80FC3}.Debug|Any CPU.Build.0 = Debug|Any CPU
		{1688F0E3-C160-47D5-89F2-6F7291A80FC3}.Release|Any CPU.ActiveCfg = Release|Any CPU
		{1688F0E3-C160-47D5-89F2-6F7291A80FC3}.Release|Any CPU.Build.0 = Release|Any CPU
		{61FB0823-A7AA-45AA-9921-CD1376E625CD}.Debug|Any CPU.ActiveCfg = Debug|Any CPU
		{61FB0823-A7AA-45AA-9921-CD1376E625CD}.Debug|Any CPU.Build.0 = Debug|Any CPU
		{61FB0823-A7AA-45AA-9921-CD1376E625CD}.Release|Any CPU.ActiveCfg = Release|Any CPU
		{61FB0823-A7AA-45AA-9921-CD1376E625CD}.Release|Any CPU.Build.0 = Release|Any CPU
		{34F20AFC-6825-4DE2-8016-AE78C9F3A06B}.Debug|Any CPU.ActiveCfg = Debug|Any CPU
		{34F20AFC-6825-4DE2-8016-AE78C9F3A06B}.Debug|Any CPU.Build.0 = Debug|Any CPU
		{34F20AFC-6825-4DE2-8016-AE78C9F3A06B}.Release|Any CPU.ActiveCfg = Release|Any CPU
		{34F20AFC-6825-4DE2-8016-AE78C9F3A06B}.Release|Any CPU.Build.0 = Release|Any CPU
		{7861EF09-887D-4521-9A0A-03B64C0D4547}.Debug|Any CPU.ActiveCfg = Debug|Any CPU
		{7861EF09-887D-4521-9A0A-03B64C0D4547}.Debug|Any CPU.Build.0 = Debug|Any CPU
		{7861EF09-887D-4521-9A0A-03B64C0D4547}.Release|Any CPU.ActiveCfg = Release|Any CPU
		{7861EF09-887D-4521-9A0A-03B64C0D4547}.Release|Any CPU.Build.0 = Release|Any CPU
		{C2A86FFF-3A6C-4AB1-9E8B-91DB171BB606}.Debug|Any CPU.ActiveCfg = Debug|Any CPU
		{C2A86FFF-3A6C-4AB1-9E8B-91DB171BB606}.Debug|Any CPU.Build.0 = Debug|Any CPU
		{C2A86FFF-3A6C-4AB1-9E8B-91DB171BB606}.Release|Any CPU.ActiveCfg = Release|Any CPU
		{C2A86FFF-3A6C-4AB1-9E8B-91DB171BB606}.Release|Any CPU.Build.0 = Release|Any CPU
	EndGlobalSection
	GlobalSection(SolutionProperties) = preSolution
		HideSolutionNode = FALSE
	EndGlobalSection
	GlobalSection(ExtensibilityGlobals) = postSolution
		SolutionGuid = {9FB705ED-AC6F-4261-97E4-06EA81EC9DA8}
	EndGlobalSection
EndGlobal
